// !$*UTF8*$!
{
	archiveVersion = 1;
	classes = {
	};
	objectVersion = 50;
	objects = {

/* Begin PBXBuildFile section */
		9E2D3A7E2539D3E4008364F3 /* SwiftUI_MVVM_ExampleApp.swift in Sources */ = {isa = PBXBuildFile; fileRef = 9E2D3A7D2539D3E4008364F3 /* SwiftUI_MVVM_ExampleApp.swift */; };
		9E2D3A802539D3E4008364F3 /* ContentView.swift in Sources */ = {isa = PBXBuildFile; fileRef = 9E2D3A7F2539D3E4008364F3 /* ContentView.swift */; };
		9E2D3A822539D3E5008364F3 /* Assets.xcassets in Resources */ = {isa = PBXBuildFile; fileRef = 9E2D3A812539D3E5008364F3 /* Assets.xcassets */; };
		9E2D3A852539D3E5008364F3 /* Preview Assets.xcassets in Resources */ = {isa = PBXBuildFile; fileRef = 9E2D3A842539D3E5008364F3 /* Preview Assets.xcassets */; };
		9E2D3A872539D3E5008364F3 /* Persistence.swift in Sources */ = {isa = PBXBuildFile; fileRef = 9E2D3A862539D3E5008364F3 /* Persistence.swift */; };
		9E2D3A8A2539D3E5008364F3 /* SwiftUI_MVVM_Example.xcdatamodeld in Sources */ = {isa = PBXBuildFile; fileRef = 9E2D3A882539D3E5008364F3 /* SwiftUI_MVVM_Example.xcdatamodeld */; };
		9E2D3A9C2539D68D008364F3 /* Collection+CoreDataClass.swift in Sources */ = {isa = PBXBuildFile; fileRef = 9E2D3A982539D68D008364F3 /* Collection+CoreDataClass.swift */; };
		9E2D3A9D2539D68D008364F3 /* Collection+CoreDataProperties.swift in Sources */ = {isa = PBXBuildFile; fileRef = 9E2D3A992539D68D008364F3 /* Collection+CoreDataProperties.swift */; };
		9E2D3A9E2539D68D008364F3 /* Item+CoreDataClass.swift in Sources */ = {isa = PBXBuildFile; fileRef = 9E2D3A9A2539D68D008364F3 /* Item+CoreDataClass.swift */; };
		9E2D3A9F2539D68D008364F3 /* Item+CoreDataProperties.swift in Sources */ = {isa = PBXBuildFile; fileRef = 9E2D3A9B2539D68D008364F3 /* Item+CoreDataProperties.swift */; };
		9E50F1382539E1C800DB4EFC /* CollectionDetailViewModel.swift in Sources */ = {isa = PBXBuildFile; fileRef = 9E50F1372539E1C800DB4EFC /* CollectionDetailViewModel.swift */; };
		9E50F13F2539E95D00DB4EFC /* CollectionDetailView.swift in Sources */ = {isa = PBXBuildFile; fileRef = 9E50F13E2539E95D00DB4EFC /* CollectionDetailView.swift */; };
		9E50F1422539EAAE00DB4EFC /* ItemDetailViewModel.swift in Sources */ = {isa = PBXBuildFile; fileRef = 9E50F1412539EAAE00DB4EFC /* ItemDetailViewModel.swift */; };
		9E50F1452539EF7900DB4EFC /* ItemDetailView.swift in Sources */ = {isa = PBXBuildFile; fileRef = 9E50F1442539EF7900DB4EFC /* ItemDetailView.swift */; };
/* End PBXBuildFile section */

/* Begin PBXFileReference section */
		9E2D3A7A2539D3E4008364F3 /* SwiftUI MVVM Example.app */ = {isa = PBXFileReference; explicitFileType = wrapper.application; includeInIndex = 0; path = "SwiftUI MVVM Example.app"; sourceTree = BUILT_PRODUCTS_DIR; };
		9E2D3A7D2539D3E4008364F3 /* SwiftUI_MVVM_ExampleApp.swift */ = {isa = PBXFileReference; lastKnownFileType = sourcecode.swift; path = SwiftUI_MVVM_ExampleApp.swift; sourceTree = "<group>"; };
		9E2D3A7F2539D3E4008364F3 /* ContentView.swift */ = {isa = PBXFileReference; lastKnownFileType = sourcecode.swift; path = ContentView.swift; sourceTree = "<group>"; };
		9E2D3A812539D3E5008364F3 /* Assets.xcassets */ = {isa = PBXFileReference; lastKnownFileType = folder.assetcatalog; path = Assets.xcassets; sourceTree = "<group>"; };
		9E2D3A842539D3E5008364F3 /* Preview Assets.xcassets */ = {isa = PBXFileReference; lastKnownFileType = folder.assetcatalog; path = "Preview Assets.xcassets"; sourceTree = "<group>"; };
		9E2D3A862539D3E5008364F3 /* Persistence.swift */ = {isa = PBXFileReference; lastKnownFileType = sourcecode.swift; path = Persistence.swift; sourceTree = "<group>"; };
		9E2D3A892539D3E5008364F3 /* SwiftUI_MVVM_Example.xcdatamodel */ = {isa = PBXFileReference; lastKnownFileType = wrapper.xcdatamodel; path = SwiftUI_MVVM_Example.xcdatamodel; sourceTree = "<group>"; };
		9E2D3A8B2539D3E5008364F3 /* Info.plist */ = {isa = PBXFileReference; lastKnownFileType = text.plist.xml; path = Info.plist; sourceTree = "<group>"; };
		9E2D3A982539D68D008364F3 /* Collection+CoreDataClass.swift */ = {isa = PBXFileReference; lastKnownFileType = sourcecode.swift; path = "Collection+CoreDataClass.swift"; sourceTree = "<group>"; };
		9E2D3A992539D68D008364F3 /* Collection+CoreDataProperties.swift */ = {isa = PBXFileReference; lastKnownFileType = sourcecode.swift; path = "Collection+CoreDataProperties.swift"; sourceTree = "<group>"; };
		9E2D3A9A2539D68D008364F3 /* Item+CoreDataClass.swift */ = {isa = PBXFileReference; lastKnownFileType = sourcecode.swift; path = "Item+CoreDataClass.swift"; sourceTree = "<group>"; };
		9E2D3A9B2539D68D008364F3 /* Item+CoreDataProperties.swift */ = {isa = PBXFileReference; lastKnownFileType = sourcecode.swift; path = "Item+CoreDataProperties.swift"; sourceTree = "<group>"; };
		9E50F1372539E1C800DB4EFC /* CollectionDetailViewModel.swift */ = {isa = PBXFileReference; lastKnownFileType = sourcecode.swift; path = CollectionDetailViewModel.swift; sourceTree = "<group>"; };
		9E50F13E2539E95D00DB4EFC /* CollectionDetailView.swift */ = {isa = PBXFileReference; lastKnownFileType = sourcecode.swift; path = CollectionDetailView.swift; sourceTree = "<group>"; };
		9E50F1412539EAAE00DB4EFC /* ItemDetailViewModel.swift */ = {isa = PBXFileReference; lastKnownFileType = sourcecode.swift; path = ItemDetailViewModel.swift; sourceTree = "<group>"; };
		9E50F1442539EF7900DB4EFC /* ItemDetailView.swift */ = {isa = PBXFileReference; lastKnownFileType = sourcecode.swift; path = ItemDetailView.swift; sourceTree = "<group>"; };
/* End PBXFileReference section */

/* Begin PBXFrameworksBuildPhase section */
		9E2D3A772539D3E4008364F3 /* Frameworks */ = {
			isa = PBXFrameworksBuildPhase;
			buildActionMask = 2147483647;
			files = (
			);
			runOnlyForDeploymentPostprocessing = 0;
		};
/* End PBXFrameworksBuildPhase section */

/* Begin PBXGroup section */
		9E2D3A712539D3E4008364F3 = {
			isa = PBXGroup;
			children = (
				9E2D3A7C2539D3E4008364F3 /* SwiftUI MVVM Example */,
				9E2D3A7B2539D3E4008364F3 /* Products */,
			);
			sourceTree = "<group>";
		};
		9E2D3A7B2539D3E4008364F3 /* Products */ = {
			isa = PBXGroup;
			children = (
				9E2D3A7A2539D3E4008364F3 /* SwiftUI MVVM Example.app */,
			);
			name = Products;
			sourceTree = "<group>";
		};
		9E2D3A7C2539D3E4008364F3 /* SwiftUI MVVM Example */ = {
			isa = PBXGroup;
			children = (
				9E2D3A952539D4C0008364F3 /* Models */,
				9E2D3A942539D4BC008364F3 /* Views */,
				9E2D3A922539D4B1008364F3 /* ViewModels */,
				9E2D3A7D2539D3E4008364F3 /* SwiftUI_MVVM_ExampleApp.swift */,
				9E2D3A812539D3E5008364F3 /* Assets.xcassets */,
				9E2D3A862539D3E5008364F3 /* Persistence.swift */,
				9E2D3A8B2539D3E5008364F3 /* Info.plist */,
				9E2D3A882539D3E5008364F3 /* SwiftUI_MVVM_Example.xcdatamodeld */,
				9E2D3A832539D3E5008364F3 /* Preview Content */,
			);
			path = "SwiftUI MVVM Example";
			sourceTree = "<group>";
		};
		9E2D3A832539D3E5008364F3 /* Preview Content */ = {
			isa = PBXGroup;
			children = (
				9E2D3A842539D3E5008364F3 /* Preview Assets.xcassets */,
			);
			path = "Preview Content";
			sourceTree = "<group>";
		};
		9E2D3A922539D4B1008364F3 /* ViewModels */ = {
			isa = PBXGroup;
			children = (
				9E50F1372539E1C800DB4EFC /* CollectionDetailViewModel.swift */,
				9E50F1412539EAAE00DB4EFC /* ItemDetailViewModel.swift */,
			);
			path = ViewModels;
			sourceTree = "<group>";
		};
		9E2D3A942539D4BC008364F3 /* Views */ = {
			isa = PBXGroup;
			children = (
				9E2D3A7F2539D3E4008364F3 /* ContentView.swift */,
				9E50F13E2539E95D00DB4EFC /* CollectionDetailView.swift */,
				9E50F1442539EF7900DB4EFC /* ItemDetailView.swift */,
			);
			path = Views;
			sourceTree = "<group>";
		};
		9E2D3A952539D4C0008364F3 /* Models */ = {
			isa = PBXGroup;
			children = (
				9E2D3A982539D68D008364F3 /* Collection+CoreDataClass.swift */,
				9E2D3A992539D68D008364F3 /* Collection+CoreDataProperties.swift */,
				9E2D3A9A2539D68D008364F3 /* Item+CoreDataClass.swift */,
				9E2D3A9B2539D68D008364F3 /* Item+CoreDataProperties.swift */,
			);
			path = Models;
			sourceTree = "<group>";
		};
/* End PBXGroup section */

/* Begin PBXNativeTarget section */
		9E2D3A792539D3E4008364F3 /* SwiftUI MVVM Example */ = {
			isa = PBXNativeTarget;
			buildConfigurationList = 9E2D3A8E2539D3E5008364F3 /* Build configuration list for PBXNativeTarget "SwiftUI MVVM Example" */;
			buildPhases = (
				9E2D3A762539D3E4008364F3 /* Sources */,
				9E2D3A772539D3E4008364F3 /* Frameworks */,
				9E2D3A782539D3E4008364F3 /* Resources */,
			);
			buildRules = (
			);
			dependencies = (
			);
			name = "SwiftUI MVVM Example";
			productName = "SwiftUI MVVM Example";
			productReference = 9E2D3A7A2539D3E4008364F3 /* SwiftUI MVVM Example.app */;
			productType = "com.apple.product-type.application";
		};
/* End PBXNativeTarget section */

/* Begin PBXProject section */
		9E2D3A722539D3E4008364F3 /* Project object */ = {
			isa = PBXProject;
			attributes = {
				LastSwiftUpdateCheck = 1200;
				LastUpgradeCheck = 1200;
				TargetAttributes = {
					9E2D3A792539D3E4008364F3 = {
						CreatedOnToolsVersion = 12.0.1;
					};
				};
			};
			buildConfigurationList = 9E2D3A752539D3E4008364F3 /* Build configuration list for PBXProject "SwiftUI MVVM Example" */;
			compatibilityVersion = "Xcode 9.3";
			developmentRegion = en;
			hasScannedForEncodings = 0;
			knownRegions = (
				en,
				Base,
			);
			mainGroup = 9E2D3A712539D3E4008364F3;
			productRefGroup = 9E2D3A7B2539D3E4008364F3 /* Products */;
			projectDirPath = "";
			projectRoot = "";
			targets = (
				9E2D3A792539D3E4008364F3 /* SwiftUI MVVM Example */,
			);
		};
/* End PBXProject section */

/* Begin PBXResourcesBuildPhase section */
		9E2D3A782539D3E4008364F3 /* Resources */ = {
			isa = PBXResourcesBuildPhase;
			buildActionMask = 2147483647;
			files = (
				9E2D3A852539D3E5008364F3 /* Preview Assets.xcassets in Resources */,
				9E2D3A822539D3E5008364F3 /* Assets.xcassets in Resources */,
			);
			runOnlyForDeploymentPostprocessing = 0;
		};
/* End PBXResourcesBuildPhase section */

/* Begin PBXSourcesBuildPhase section */
		9E2D3A762539D3E4008364F3 /* Sources */ = {
			isa = PBXSourcesBuildPhase;
			buildActionMask = 2147483647;
			files = (
				9E50F1452539EF7900DB4EFC /* ItemDetailView.swift in Sources */,
				9E50F1422539EAAE00DB4EFC /* ItemDetailViewModel.swift in Sources */,
				9E50F1382539E1C800DB4EFC /* CollectionDetailViewModel.swift in Sources */,
				9E2D3A9C2539D68D008364F3 /* Collection+CoreDataClass.swift in Sources */,
				9E2D3A8A2539D3E5008364F3 /* SwiftUI_MVVM_Example.xcdatamodeld in Sources */,
				9E2D3A9F2539D68D008364F3 /* Item+CoreDataProperties.swift in Sources */,
				9E2D3A872539D3E5008364F3 /* Persistence.swift in Sources */,
				9E2D3A9D2539D68D008364F3 /* Collection+CoreDataProperties.swift in Sources */,
				9E2D3A802539D3E4008364F3 /* ContentView.swift in Sources */,
				9E2D3A7E2539D3E4008364F3 /* SwiftUI_MVVM_ExampleApp.swift in Sources */,
				9E2D3A9E2539D68D008364F3 /* Item+CoreDataClass.swift in Sources */,
				9E50F13F2539E95D00DB4EFC /* CollectionDetailView.swift in Sources */,
			);
			runOnlyForDeploymentPostprocessing = 0;
		};
/* End PBXSourcesBuildPhase section */

/* Begin XCBuildConfiguration section */
		9E2D3A8C2539D3E5008364F3 /* Debug */ = {
			isa = XCBuildConfiguration;
			buildSettings = {
				ALWAYS_SEARCH_USER_PATHS = NO;
				CLANG_ANALYZER_NONNULL = YES;
				CLANG_ANALYZER_NUMBER_OBJECT_CONVERSION = YES_AGGRESSIVE;
				CLANG_CXX_LANGUAGE_STANDARD = "gnu++14";
				CLANG_CXX_LIBRARY = "libc++";
				CLANG_ENABLE_MODULES = YES;
				CLANG_ENABLE_OBJC_ARC = YES;
				CLANG_ENABLE_OBJC_WEAK = YES;
				CLANG_WARN_BLOCK_CAPTURE_AUTORELEASING = YES;
				CLANG_WARN_BOOL_CONVERSION = YES;
				CLANG_WARN_COMMA = YES;
				CLANG_WARN_CONSTANT_CONVERSION = YES;
				CLANG_WARN_DEPRECATED_OBJC_IMPLEMENTATIONS = YES;
				CLANG_WARN_DIRECT_OBJC_ISA_USAGE = YES_ERROR;
				CLANG_WARN_DOCUMENTATION_COMMENTS = YES;
				CLANG_WARN_EMPTY_BODY = YES;
				CLANG_WARN_ENUM_CONVERSION = YES;
				CLANG_WARN_INFINITE_RECURSION = YES;
				CLANG_WARN_INT_CONVERSION = YES;
				CLANG_WARN_NON_LITERAL_NULL_CONVERSION = YES;
				CLANG_WARN_OBJC_IMPLICIT_RETAIN_SELF = YES;
				CLANG_WARN_OBJC_LITERAL_CONVERSION = YES;
				CLANG_WARN_OBJC_ROOT_CLASS = YES_ERROR;
				CLANG_WARN_QUOTED_INCLUDE_IN_FRAMEWORK_HEADER = YES;
				CLANG_WARN_RANGE_LOOP_ANALYSIS = YES;
				CLANG_WARN_STRICT_PROTOTYPES = YES;
				CLANG_WARN_SUSPICIOUS_MOVE = YES;
				CLANG_WARN_UNGUARDED_AVAILABILITY = YES_AGGRESSIVE;
				CLANG_WARN_UNREACHABLE_CODE = YES;
				CLANG_WARN__DUPLICATE_METHOD_MATCH = YES;
				COPY_PHASE_STRIP = NO;
				DEBUG_INFORMATION_FORMAT = dwarf;
				ENABLE_STRICT_OBJC_MSGSEND = YES;
				ENABLE_TESTABILITY = YES;
				GCC_C_LANGUAGE_STANDARD = gnu11;
				GCC_DYNAMIC_NO_PIC = NO;
				GCC_NO_COMMON_BLOCKS = YES;
				GCC_OPTIMIZATION_LEVEL = 0;
				GCC_PREPROCESSOR_DEFINITIONS = (
					"DEBUG=1",
					"$(inherited)",
				);
				GCC_WARN_64_TO_32_BIT_CONVERSION = YES;
				GCC_WARN_ABOUT_RETURN_TYPE = YES_ERROR;
				GCC_WARN_UNDECLARED_SELECTOR = YES;
				GCC_WARN_UNINITIALIZED_AUTOS = YES_AGGRESSIVE;
				GCC_WARN_UNUSED_FUNCTION = YES;
				GCC_WARN_UNUSED_VARIABLE = YES;
				IPHONEOS_DEPLOYMENT_TARGET = 14.0;
				MTL_ENABLE_DEBUG_INFO = INCLUDE_SOURCE;
				MTL_FAST_MATH = YES;
				ONLY_ACTIVE_ARCH = YES;
				SDKROOT = iphoneos;
				SWIFT_ACTIVE_COMPILATION_CONDITIONS = DEBUG;
				SWIFT_OPTIMIZATION_LEVEL = "-Onone";
			};
			name = Debug;
		};
		9E2D3A8D2539D3E5008364F3 /* Release */ = {
			isa = XCBuildConfiguration;
			buildSettings = {
				ALWAYS_SEARCH_USER_PATHS = NO;
				CLANG_ANALYZER_NONNULL = YES;
				CLANG_ANALYZER_NUMBER_OBJECT_CONVERSION = YES_AGGRESSIVE;
				CLANG_CXX_LANGUAGE_STANDARD = "gnu++14";
				CLANG_CXX_LIBRARY = "libc++";
				CLANG_ENABLE_MODULES = YES;
				CLANG_ENABLE_OBJC_ARC = YES;
				CLANG_ENABLE_OBJC_WEAK = YES;
				CLANG_WARN_BLOCK_CAPTURE_AUTORELEASING = YES;
				CLANG_WARN_BOOL_CONVERSION = YES;
				CLANG_WARN_COMMA = YES;
				CLANG_WARN_CONSTANT_CONVERSION = YES;
				CLANG_WARN_DEPRECATED_OBJC_IMPLEMENTATIONS = YES;
				CLANG_WARN_DIRECT_OBJC_ISA_USAGE = YES_ERROR;
				CLANG_WARN_DOCUMENTATION_COMMENTS = YES;
				CLANG_WARN_EMPTY_BODY = YES;
				CLANG_WARN_ENUM_CONVERSION = YES;
				CLANG_WARN_INFINITE_RECURSION = YES;
				CLANG_WARN_INT_CONVERSION = YES;
				CLANG_WARN_NON_LITERAL_NULL_CONVERSION = YES;
				CLANG_WARN_OBJC_IMPLICIT_RETAIN_SELF = YES;
				CLANG_WARN_OBJC_LITERAL_CONVERSION = YES;
				CLANG_WARN_OBJC_ROOT_CLASS = YES_ERROR;
				CLANG_WARN_QUOTED_INCLUDE_IN_FRAMEWORK_HEADER = YES;
				CLANG_WARN_RANGE_LOOP_ANALYSIS = YES;
				CLANG_WARN_STRICT_PROTOTYPES = YES;
				CLANG_WARN_SUSPICIOUS_MOVE = YES;
				CLANG_WARN_UNGUARDED_AVAILABILITY = YES_AGGRESSIVE;
				CLANG_WARN_UNREACHABLE_CODE = YES;
				CLANG_WARN__DUPLICATE_METHOD_MATCH = YES;
				COPY_PHASE_STRIP = NO;
				DEBUG_INFORMATION_FORMAT = "dwarf-with-dsym";
				ENABLE_NS_ASSERTIONS = NO;
				ENABLE_STRICT_OBJC_MSGSEND = YES;
				GCC_C_LANGUAGE_STANDARD = gnu11;
				GCC_NO_COMMON_BLOCKS = YES;
				GCC_WARN_64_TO_32_BIT_CONVERSION = YES;
				GCC_WARN_ABOUT_RETURN_TYPE = YES_ERROR;
				GCC_WARN_UNDECLARED_SELECTOR = YES;
				GCC_WARN_UNINITIALIZED_AUTOS = YES_AGGRESSIVE;
				GCC_WARN_UNUSED_FUNCTION = YES;
				GCC_WARN_UNUSED_VARIABLE = YES;
				IPHONEOS_DEPLOYMENT_TARGET = 14.0;
				MTL_ENABLE_DEBUG_INFO = NO;
				MTL_FAST_MATH = YES;
				SDKROOT = iphoneos;
				SWIFT_COMPILATION_MODE = wholemodule;
				SWIFT_OPTIMIZATION_LEVEL = "-O";
				VALIDATE_PRODUCT = YES;
			};
			name = Release;
		};
		9E2D3A8F2539D3E5008364F3 /* Debug */ = {
			isa = XCBuildConfiguration;
			buildSettings = {
				ASSETCATALOG_COMPILER_APPICON_NAME = AppIcon;
				ASSETCATALOG_COMPILER_GLOBAL_ACCENT_COLOR_NAME = AccentColor;
				CODE_SIGN_STYLE = Automatic;
				DEVELOPMENT_ASSET_PATHS = "\"SwiftUI MVVM Example/Preview Content\"";
				DEVELOPMENT_TEAM = FUJUCV7984;
				ENABLE_PREVIEWS = YES;
				INFOPLIST_FILE = "SwiftUI MVVM Example/Info.plist";
				IPHONEOS_DEPLOYMENT_TARGET = 14.0;
				LD_RUNPATH_SEARCH_PATHS = (
					"$(inherited)",
					"@executable_path/Frameworks",
				);
				PRODUCT_BUNDLE_IDENTIFIER = "com.laurensnol.SwiftUI-MVVM-Example";
				PRODUCT_NAME = "$(TARGET_NAME)";
				SWIFT_VERSION = 5.0;
				TARGETED_DEVICE_FAMILY = "1,2";
			};
			name = Debug;
		};
		9E2D3A902539D3E5008364F3 /* Release */ = {
			isa = XCBuildConfiguration;
			buildSettings = {
				ASSETCATALOG_COMPILER_APPICON_NAME = AppIcon;
				ASSETCATALOG_COMPILER_GLOBAL_ACCENT_COLOR_NAME = AccentColor;
				CODE_SIGN_STYLE = Automatic;
				DEVELOPMENT_ASSET_PATHS = "\"SwiftUI MVVM Example/Preview Content\"";
				DEVELOPMENT_TEAM = FUJUCV7984;
				ENABLE_PREVIEWS = YES;
				INFOPLIST_FILE = "SwiftUI MVVM Example/Info.plist";
				IPHONEOS_DEPLOYMENT_TARGET = 14.0;
				LD_RUNPATH_SEARCH_PATHS = (
					"$(inherited)",
					"@executable_path/Frameworks",
				);
				PRODUCT_BUNDLE_IDENTIFIER = "com.laurensnol.SwiftUI-MVVM-Example";
				PRODUCT_NAME = "$(TARGET_NAME)";
				SWIFT_VERSION = 5.0;
				TARGETED_DEVICE_FAMILY = "1,2";
			};
			name = Release;
		};
/* End XCBuildConfiguration section */

/* Begin XCConfigurationList section */
		9E2D3A752539D3E4008364F3 /* Build configuration list for PBXProject "SwiftUI MVVM Example" */ = {
			isa = XCConfigurationList;
			buildConfigurations = (
				9E2D3A8C2539D3E5008364F3 /* Debug */,
				9E2D3A8D2539D3E5008364F3 /* Release */,
			);
			defaultConfigurationIsVisible = 0;
			defaultConfigurationName = Release;
		};
		9E2D3A8E2539D3E5008364F3 /* Build configuration list for PBXNativeTarget "SwiftUI MVVM Example" */ = {
			isa = XCConfigurationList;
			buildConfigurations = (
				9E2D3A8F2539D3E5008364F3 /* Debug */,
				9E2D3A902539D3E5008364F3 /* Release */,
			);
			defaultConfigurationIsVisible = 0;
			defaultConfigurationName = Release;
		};
/* End XCConfigurationList section */

/* Begin XCVersionGroup section */
		9E2D3A882539D3E5008364F3 /* SwiftUI_MVVM_Example.xcdatamodeld */ = {
			isa = XCVersionGroup;
			children = (
				9E2D3A892539D3E5008364F3 /* SwiftUI_MVVM_Example.xcdatamodel */,
			);
			currentVersion = 9E2D3A892539D3E5008364F3 /* SwiftUI_MVVM_Example.xcdatamodel */;
			path = SwiftUI_MVVM_Example.xcdatamodeld;
			sourceTree = "<group>";
			versionGroupType = wrapper.xcdatamodel;
		};
/* End XCVersionGroup section */
	};
	rootObject = 9E2D3A722539D3E4008364F3 /* Project object */;
}
